
Microsoft Visual Studio Solution File, Format Version 12.00
# Visual Studio 15
VisualStudioVersion = 15.0.26124.0
MinimumVisualStudioVersion = 15.0.26124.0
Project("{FAE04EC0-301F-11D3-BF4B-00C04F79EFBC}") = "StringManipulation.Client", "StringManipulation.Client\StringManipulation.Client.csproj", "{B5E3756A-0030-45D2-B44B-C15D0CD03F53}"
EndProject
Project("{FAE04EC0-301F-11D3-BF4B-00C04F79EFBC}") = "StringManipulation.Domain", "StringManipulation.Domain\StringManipulation.Domain.csproj", "{07F0164D-4E57-4205-959C-9EF90612BCFF}"
EndProject
Global
	GlobalSection(SolutionConfigurationPlatforms) = preSolution
		Debug|Any CPU = Debug|Any CPU
		Debug|x64 = Debug|x64
		Debug|x86 = Debug|x86
		Release|Any CPU = Release|Any CPU
		Release|x64 = Release|x64
		Release|x86 = Release|x86
	EndGlobalSection
	GlobalSection(SolutionProperties) = preSolution
		HideSolutionNode = FALSE
	EndGlobalSection
	GlobalSection(ProjectConfigurationPlatforms) = postSolution
		{B5E3756A-0030-45D2-B44B-C15D0CD03F53}.Debug|Any CPU.ActiveCfg = Debug|Any CPU
		{B5E3756A-0030-45D2-B44B-C15D0CD03F53}.Debug|Any CPU.Build.0 = Debug|Any CPU
		{B5E3756A-0030-45D2-B44B-C15D0CD03F53}.Debug|x64.ActiveCfg = Debug|Any CPU
		{B5E3756A-0030-45D2-B44B-C15D0CD03F53}.Debug|x64.Build.0 = Debug|Any CPU
		{B5E3756A-0030-45D2-B44B-C15D0CD03F53}.Debug|x86.ActiveCfg = Debug|Any CPU
		{B5E3756A-0030-45D2-B44B-C15D0CD03F53}.Debug|x86.Build.0 = Debug|Any CPU
		{B5E3756A-0030-45D2-B44B-C15D0CD03F53}.Release|Any CPU.ActiveCfg = Release|Any CPU
		{B5E3756A-0030-45D2-B44B-C15D0CD03F53}.Release|Any CPU.Build.0 = Release|Any CPU
		{B5E3756A-0030-45D2-B44B-C15D0CD03F53}.Release|x64.ActiveCfg = Release|Any CPU
		{B5E3756A-0030-45D2-B44B-C15D0CD03F53}.Release|x64.Build.0 = Release|Any CPU
		{B5E3756A-0030-45D2-B44B-C15D0CD03F53}.Release|x86.ActiveCfg = Release|Any CPU
		{B5E3756A-0030-45D2-B44B-C15D0CD03F53}.Release|x86.Build.0 = Release|Any CPU
		{07F0164D-4E57-4205-959C-9EF90612BCFF}.Debug|Any CPU.ActiveCfg = Debug|Any CPU
		{07F0164D-4E57-4205-959C-9EF90612BCFF}.Debug|Any CPU.Build.0 = Debug|Any CPU
		{07F0164D-4E57-4205-959C-9EF90612BCFF}.Debug|x64.ActiveCfg = Debug|Any CPU
		{07F0164D-4E57-4205-959C-9EF90612BCFF}.Debug|x64.Build.0 = Debug|Any CPU
		{07F0164D-4E57-4205-959C-9EF90612BCFF}.Debug|x86.ActiveCfg = Debug|Any CPU
		{07F0164D-4E57-4205-959C-9EF90612BCFF}.Debug|x86.Build.0 = Debug|Any CPU
		{07F0164D-4E57-4205-959C-9EF90612BCFF}.Release|Any CPU.ActiveCfg = Release|Any CPU
		{07F0164D-4E57-4205-959C-9EF90612BCFF}.Release|Any CPU.Build.0 = Release|Any CPU
		{07F0164D-4E57-4205-959C-9EF90612BCFF}.Release|x64.ActiveCfg = Release|Any CPU
		{07F0164D-4E57-4205-959C-9EF90612BCFF}.Release|x64.Build.0 = Release|Any CPU
		{07F0164D-4E57-4205-959C-9EF90612BCFF}.Release|x86.ActiveCfg = Release|Any CPU
		{07F0164D-4E57-4205-959C-9EF90612BCFF}.Release|x86.Build.0 = Release|Any CPU
	EndGlobalSection
EndGlobal
