
Microsoft Visual Studio Solution File, Format Version 12.00
# Visual Studio 15
VisualStudioVersion = 15.0.26124.0
MinimumVisualStudioVersion = 15.0.26124.0
Project("{FAE04EC0-301F-11D3-BF4B-00C04F79EFBC}") = "PizzaBox.Client", "PizzaBox.Client\PizzaBox.Client.csproj", "{A0E77DAE-2264-4E3D-84A2-0CAD32CCB531}"
EndProject
Project("{FAE04EC0-301F-11D3-BF4B-00C04F79EFBC}") = "PizzaBox.Domain", "PizzaBox.Domain\PizzaBox.Domain.csproj", "{43E744A9-F76D-4A00-BA30-2E271ECAA1E1}"
EndProject
Project("{FAE04EC0-301F-11D3-BF4B-00C04F79EFBC}") = "PizzaBox.Storing", "PizzaBox.Storing\PizzaBox.Storing.csproj", "{E1F0BFF3-E018-4771-AE37-9E97201AC8CA}"
EndProject
Project("{FAE04EC0-301F-11D3-BF4B-00C04F79EFBC}") = "PizzaBox.Testing", "PizzaBox.Testing\PizzaBox.Testing.csproj", "{5914A7C1-E7EB-4985-A0A2-8629E0BB5711}"
EndProject
Global
	GlobalSection(SolutionConfigurationPlatforms) = preSolution
		Debug|Any CPU = Debug|Any CPU
		Debug|x64 = Debug|x64
		Debug|x86 = Debug|x86
		Release|Any CPU = Release|Any CPU
		Release|x64 = Release|x64
		Release|x86 = Release|x86
	EndGlobalSection
	GlobalSection(SolutionProperties) = preSolution
		HideSolutionNode = FALSE
	EndGlobalSection
	GlobalSection(ProjectConfigurationPlatforms) = postSolution
		{A0E77DAE-2264-4E3D-84A2-0CAD32CCB531}.Debug|Any CPU.ActiveCfg = Debug|Any CPU
		{A0E77DAE-2264-4E3D-84A2-0CAD32CCB531}.Debug|Any CPU.Build.0 = Debug|Any CPU
		{A0E77DAE-2264-4E3D-84A2-0CAD32CCB531}.Debug|x64.ActiveCfg = Debug|Any CPU
		{A0E77DAE-2264-4E3D-84A2-0CAD32CCB531}.Debug|x64.Build.0 = Debug|Any CPU
		{A0E77DAE-2264-4E3D-84A2-0CAD32CCB531}.Debug|x86.ActiveCfg = Debug|Any CPU
		{A0E77DAE-2264-4E3D-84A2-0CAD32CCB531}.Debug|x86.Build.0 = Debug|Any CPU
		{A0E77DAE-2264-4E3D-84A2-0CAD32CCB531}.Release|Any CPU.ActiveCfg = Release|Any CPU
		{A0E77DAE-2264-4E3D-84A2-0CAD32CCB531}.Release|Any CPU.Build.0 = Release|Any CPU
		{A0E77DAE-2264-4E3D-84A2-0CAD32CCB531}.Release|x64.ActiveCfg = Release|Any CPU
		{A0E77DAE-2264-4E3D-84A2-0CAD32CCB531}.Release|x64.Build.0 = Release|Any CPU
		{A0E77DAE-2264-4E3D-84A2-0CAD32CCB531}.Release|x86.ActiveCfg = Release|Any CPU
		{A0E77DAE-2264-4E3D-84A2-0CAD32CCB531}.Release|x86.Build.0 = Release|Any CPU
		{43E744A9-F76D-4A00-BA30-2E271ECAA1E1}.Debug|Any CPU.ActiveCfg = Debug|Any CPU
		{43E744A9-F76D-4A00-BA30-2E271ECAA1E1}.Debug|Any CPU.Build.0 = Debug|Any CPU
		{43E744A9-F76D-4A00-BA30-2E271ECAA1E1}.Debug|x64.ActiveCfg = Debug|Any CPU
		{43E744A9-F76D-4A00-BA30-2E271ECAA1E1}.Debug|x64.Build.0 = Debug|Any CPU
		{43E744A9-F76D-4A00-BA30-2E271ECAA1E1}.Debug|x86.ActiveCfg = Debug|Any CPU
		{43E744A9-F76D-4A00-BA30-2E271ECAA1E1}.Debug|x86.Build.0 = Debug|Any CPU
		{43E744A9-F76D-4A00-BA30-2E271ECAA1E1}.Release|Any CPU.ActiveCfg = Release|Any CPU
		{43E744A9-F76D-4A00-BA30-2E271ECAA1E1}.Release|Any CPU.Build.0 = Release|Any CPU
		{43E744A9-F76D-4A00-BA30-2E271ECAA1E1}.Release|x64.ActiveCfg = Release|Any CPU
		{43E744A9-F76D-4A00-BA30-2E271ECAA1E1}.Release|x64.Build.0 = Release|Any CPU
		{43E744A9-F76D-4A00-BA30-2E271ECAA1E1}.Release|x86.ActiveCfg = Release|Any CPU
		{43E744A9-F76D-4A00-BA30-2E271ECAA1E1}.Release|x86.Build.0 = Release|Any CPU
		{E1F0BFF3-E018-4771-AE37-9E97201AC8CA}.Debug|Any CPU.ActiveCfg = Debug|Any CPU
		{E1F0BFF3-E018-4771-AE37-9E97201AC8CA}.Debug|Any CPU.Build.0 = Debug|Any CPU
		{E1F0BFF3-E018-4771-AE37-9E97201AC8CA}.Debug|x64.ActiveCfg = Debug|Any CPU
		{E1F0BFF3-E018-4771-AE37-9E97201AC8CA}.Debug|x64.Build.0 = Debug|Any CPU
		{E1F0BFF3-E018-4771-AE37-9E97201AC8CA}.Debug|x86.ActiveCfg = Debug|Any CPU
		{E1F0BFF3-E018-4771-AE37-9E97201AC8CA}.Debug|x86.Build.0 = Debug|Any CPU
		{E1F0BFF3-E018-4771-AE37-9E97201AC8CA}.Release|Any CPU.ActiveCfg = Release|Any CPU
		{E1F0BFF3-E018-4771-AE37-9E97201AC8CA}.Release|Any CPU.Build.0 = Release|Any CPU
		{E1F0BFF3-E018-4771-AE37-9E97201AC8CA}.Release|x64.ActiveCfg = Release|Any CPU
		{E1F0BFF3-E018-4771-AE37-9E97201AC8CA}.Release|x64.Build.0 = Release|Any CPU
		{E1F0BFF3-E018-4771-AE37-9E97201AC8CA}.Release|x86.ActiveCfg = Release|Any CPU
		{E1F0BFF3-E018-4771-AE37-9E97201AC8CA}.Release|x86.Build.0 = Release|Any CPU
		{5914A7C1-E7EB-4985-A0A2-8629E0BB5711}.Debug|Any CPU.ActiveCfg = Debug|Any CPU
		{5914A7C1-E7EB-4985-A0A2-8629E0BB5711}.Debug|Any CPU.Build.0 = Debug|Any CPU
		{5914A7C1-E7EB-4985-A0A2-8629E0BB5711}.Debug|x64.ActiveCfg = Debug|Any CPU
		{5914A7C1-E7EB-4985-A0A2-8629E0BB5711}.Debug|x64.Build.0 = Debug|Any CPU
		{5914A7C1-E7EB-4985-A0A2-8629E0BB5711}.Debug|x86.ActiveCfg = Debug|Any CPU
		{5914A7C1-E7EB-4985-A0A2-8629E0BB5711}.Debug|x86.Build.0 = Debug|Any CPU
		{5914A7C1-E7EB-4985-A0A2-8629E0BB5711}.Release|Any CPU.ActiveCfg = Release|Any CPU
		{5914A7C1-E7EB-4985-A0A2-8629E0BB5711}.Release|Any CPU.Build.0 = Release|Any CPU
		{5914A7C1-E7EB-4985-A0A2-8629E0BB5711}.Release|x64.ActiveCfg = Release|Any CPU
		{5914A7C1-E7EB-4985-A0A2-8629E0BB5711}.Release|x64.Build.0 = Release|Any CPU
		{5914A7C1-E7EB-4985-A0A2-8629E0BB5711}.Release|x86.ActiveCfg = Release|Any CPU
		{5914A7C1-E7EB-4985-A0A2-8629E0BB5711}.Release|x86.Build.0 = Release|Any CPU
	EndGlobalSection
EndGlobal
